
Microsoft Visual Studio Solution File, Format Version 12.00
# Visual Studio Version 17
VisualStudioVersion = 17.14.36221.1 d17.14
MinimumVisualStudioVersion = 10.0.40219.1
Project("{FAE04EC0-301F-11D3-BF4B-00C04F79EFBC}") = "RetirementCalculatorApp", "RetirementCalculatorApp.csproj", "{CBD1E5E7-BDA2-417C-854B-F158DA41FBAE}"
EndProject
Global
	GlobalSection(SolutionConfigurationPlatforms) = preSolution
		Debug|Any CPU = Debug|Any CPU
		Release|Any CPU = Release|Any CPU
	EndGlobalSection
	GlobalSection(ProjectConfigurationPlatforms) = postSolution
		{CBD1E5E7-BDA2-417C-854B-F158DA41FBAE}.Debug|Any CPU.ActiveCfg = Debug|Any CPU
		{CBD1E5E7-BDA2-417C-854B-F158DA41FBAE}.Debug|Any CPU.Build.0 = Debug|Any CPU
		{CBD1E5E7-BDA2-417C-854B-F158DA41FBAE}.Release|Any CPU.ActiveCfg = Release|Any CPU
		{CBD1E5E7-BDA2-417C-854B-F158DA41FBAE}.Release|Any CPU.Build.0 = Release|Any CPU
	EndGlobalSection
	GlobalSection(SolutionProperties) = preSolution
		HideSolutionNode = FALSE
	EndGlobalSection
	GlobalSection(ExtensibilityGlobals) = postSolution
		SolutionGuid = {D8453106-2E69-47EA-8569-D5BA3446CF6B}
	EndGlobalSection
EndGlobal
